<Solution>
  <Folder Name="/Core/">
    <Project Path="Core/InventoryManagementSystem.Abstruction/InventoryManagementSystem.Abstruction.csproj" />
    <Project Path="Core/InventoryManagementSystem.Domain/InventoryManagementSystem.Domain.csproj" />
    <Project Path="Core/InventoryManagementSystem.Service/InventoryManagementSystem.Service.csproj" />
  </Folder>
  <Folder Name="/Infrastructure/">
    <Project Path="Infrastructure/InventoryManagementSystem.Persistence/InventoryManagementSystem.Persistence.csproj" />
    <Project Path="Infrastructure/InventoryManagementSystem.Presentation/InventoryManagementSystem.Presentation.csproj" />
  </Folder>
  <Project Path="Inventory Management System/Inventory Management System.csproj" />
  <Project Path="InventoryManagementSystem.Shared/InventoryManagementSystem.Shared.csproj" />
</Solution>
